
Microsoft Visual Studio Solution File, Format Version 12.00
# Visual Studio 15
VisualStudioVersion = 15.0.28010.2046
MinimumVisualStudioVersion = 10.0.40219.1
Project("{FAE04EC0-301F-11D3-BF4B-00C04F79EFBC}") = "PartsDataLookup", "PartsDataLookup\PartsDataLookup.csproj", "{EB1B4488-B723-46AF-BB21-B0F220BFA0EB}"
EndProject
Global
	GlobalSection(SolutionConfigurationPlatforms) = preSolution
		Debug|Any CPU = Debug|Any CPU
		Release|Any CPU = Release|Any CPU
	EndGlobalSection
	GlobalSection(ProjectConfigurationPlatforms) = postSolution
		{EB1B4488-B723-46AF-BB21-B0F220BFA0EB}.Debug|Any CPU.ActiveCfg = Debug|Any CPU
		{EB1B4488-B723-46AF-BB21-B0F220BFA0EB}.Debug|Any CPU.Build.0 = Debug|Any CPU
		{EB1B4488-B723-46AF-BB21-B0F220BFA0EB}.Release|Any CPU.ActiveCfg = Release|Any CPU
		{EB1B4488-B723-46AF-BB21-B0F220BFA0EB}.Release|Any CPU.Build.0 = Release|Any CPU
	EndGlobalSection
	GlobalSection(SolutionProperties) = preSolution
		HideSolutionNode = FALSE
	EndGlobalSection
	GlobalSection(ExtensibilityGlobals) = postSolution
		SolutionGuid = {CE2A9BC8-A3F1-44AC-952B-ECF72EE321BA}
	EndGlobalSection
EndGlobal
